
Microsoft Visual Studio Solution File, Format Version 12.00
# Visual Studio Version 17
VisualStudioVersion = 17.4.33205.214
MinimumVisualStudioVersion = 10.0.40219.1
Project("{FAE04EC0-301F-11D3-BF4B-00C04F79EFBC}") = "AreaCounter", "AreaCounterSTART\AreaCounter.csproj", "{B7FF2844-943D-4B3B-845B-18EF77184F98}"
EndProject
Project("{9A19103F-16F7-4668-BE54-9A1E7A4F7556}") = "AreaCounter.Tests", "AreaCounter.Tests\AreaCounter.Tests.csproj", "{19135284-A960-4CE2-84F1-DC34DBD358CF}"
EndProject
Global
	GlobalSection(SolutionConfigurationPlatforms) = preSolution
		Debug|Any CPU = Debug|Any CPU
		Release|Any CPU = Release|Any CPU
	EndGlobalSection
	GlobalSection(ProjectConfigurationPlatforms) = postSolution
		{B7FF2844-943D-4B3B-845B-18EF77184F98}.Debug|Any CPU.ActiveCfg = Debug|Any CPU
		{B7FF2844-943D-4B3B-845B-18EF77184F98}.Debug|Any CPU.Build.0 = Debug|Any CPU
		{B7FF2844-943D-4B3B-845B-18EF77184F98}.Release|Any CPU.ActiveCfg = Release|Any CPU
		{B7FF2844-943D-4B3B-845B-18EF77184F98}.Release|Any CPU.Build.0 = Release|Any CPU
		{19135284-A960-4CE2-84F1-DC34DBD358CF}.Debug|Any CPU.ActiveCfg = Debug|Any CPU
		{19135284-A960-4CE2-84F1-DC34DBD358CF}.Debug|Any CPU.Build.0 = Debug|Any CPU
		{19135284-A960-4CE2-84F1-DC34DBD358CF}.Release|Any CPU.ActiveCfg = Release|Any CPU
		{19135284-A960-4CE2-84F1-DC34DBD358CF}.Release|Any CPU.Build.0 = Release|Any CPU
	EndGlobalSection
	GlobalSection(SolutionProperties) = preSolution
		HideSolutionNode = FALSE
	EndGlobalSection
	GlobalSection(ExtensibilityGlobals) = postSolution
		SolutionGuid = {1ED42D8A-641C-4F77-919E-14DFAF90A8F7}
	EndGlobalSection
EndGlobal
